{
  "name": "homebridge-zp",
  "version": "0.2.33",
  "lockfileVersion": 1,
  "requires": true,
  "dependencies": {
    "ajv": {
      "version": "5.5.2",
      "resolved": "https://registry.npmjs.org/ajv/-/ajv-5.5.2.tgz",
      "integrity": "sha1-c7Xuyj+rZT49P5Qis0GtQiBdyWU=",
      "requires": {
        "co": "^4.6.0",
        "fast-deep-equal": "^1.0.0",
        "fast-json-stable-stringify": "^2.0.0",
        "json-schema-traverse": "^0.3.0"
      }
    },
    "asn1": {
      "version": "0.2.4",
      "resolved": "https://registry.npmjs.org/asn1/-/asn1-0.2.4.tgz",
      "integrity": "sha512-jxwzQpLQjSmWXgwaCZE9Nz+glAG01yF1QnWgbhGwHI5A6FRIEY6IVqtHhIepHqI7/kyEyQEagBC5mBEFlIYvdg==",
      "requires": {
        "safer-buffer": "~2.1.0"
      }
    },
    "assert-plus": {
      "version": "1.0.0",
      "resolved": "https://registry.npmjs.org/assert-plus/-/assert-plus-1.0.0.tgz",
      "integrity": "sha1-8S4PPF13sLHN2RRpQuTpbB5N1SU="
    },
    "async": {
      "version": "2.1.5",
      "resolved": "https://registry.npmjs.org/async/-/async-2.1.5.tgz",
      "integrity": "sha1-5YfGhYCZSsZ/xW/4bTrFa9voELw=",
      "requires": {
        "lodash": "^4.14.0"
      }
    },
    "asynckit": {
      "version": "0.4.0",
      "resolved": "https://registry.npmjs.org/asynckit/-/asynckit-0.4.0.tgz",
      "integrity": "sha1-x57Zf380y48robyXkLzDZkdLS3k="
    },
    "aws-sign2": {
      "version": "0.7.0",
      "resolved": "https://registry.npmjs.org/aws-sign2/-/aws-sign2-0.7.0.tgz",
      "integrity": "sha1-tG6JCTSpWR8tL2+G1+ap8bP+dqg="
    },
    "aws4": {
      "version": "1.8.0",
      "resolved": "https://registry.npmjs.org/aws4/-/aws4-1.8.0.tgz",
      "integrity": "sha512-ReZxvNHIOv88FlT7rxcXIIC0fPt4KZqZbOlivyWtXLt8ESx84zd3kMC6iK5jVeS2qt+g7ftS7ye4fi06X5rtRQ=="
    },
    "basic-auth-connect": {
      "version": "1.0.0",
      "resolved": "https://registry.npmjs.org/basic-auth-connect/-/basic-auth-connect-1.0.0.tgz",
      "integrity": "sha1-/bC0OWLKe0BFanwrtI/hc9otISI="
    },
    "batch": {
      "version": "0.5.0",
      "resolved": "https://registry.npmjs.org/batch/-/batch-0.5.0.tgz",
      "integrity": "sha1-/S4Fp6XWlrTbkxQBPihdj/NVfsM="
    },
    "bcrypt-pbkdf": {
      "version": "1.0.2",
      "resolved": "https://registry.npmjs.org/bcrypt-pbkdf/-/bcrypt-pbkdf-1.0.2.tgz",
      "integrity": "sha1-pDAdOJtqQ/m2f/PKEaP2Y342Dp4=",
      "optional": true,
      "requires": {
        "tweetnacl": "^0.14.3"
      }
    },
    "bindings": {
      "version": "1.3.0",
      "resolved": "https://registry.npmjs.org/bindings/-/bindings-1.3.0.tgz",
      "integrity": "sha512-DpLh5EzMR2kzvX1KIlVC0VkC3iZtHKTgdtZ0a3pglBZdaQFjt5S9g9xd1lE+YvXyfd6mtCeRnrUfOLYiTMlNSw=="
    },
    "buffer-crc32": {
      "version": "0.2.1",
      "resolved": "https://registry.npmjs.org/buffer-crc32/-/buffer-crc32-0.2.1.tgz",
      "integrity": "sha1-vj5TgvwCttYySVasGvmKqYsIU0w="
    },
    "buffer-equal-constant-time": {
      "version": "1.0.1",
      "resolved": "https://registry.npmjs.org/buffer-equal-constant-time/-/buffer-equal-constant-time-1.0.1.tgz",
      "integrity": "sha1-+OcRMvf/5uAaXJaXpMbz5I1cyBk="
    },
    "bufferjs": {
      "version": "3.0.1",
      "resolved": "https://registry.npmjs.org/bufferjs/-/bufferjs-3.0.1.tgz",
      "integrity": "sha1-BpLoKcsQoQVQ5kc5CwNesGw46O8="
    },
    "bufferlist": {
      "version": "0.1.0",
      "resolved": "https://registry.npmjs.org/bufferlist/-/bufferlist-0.1.0.tgz",
      "integrity": "sha1-Qr7y2JVztA+hCGuzng9TEBcNHd0="
    },
    "bytes": {
      "version": "0.3.0",
      "resolved": "https://registry.npmjs.org/bytes/-/bytes-0.3.0.tgz",
      "integrity": "sha1-eOLg4ox/nHuYjqiu4NtNX6mUGTU="
    },
    "caseless": {
      "version": "0.12.0",
      "resolved": "https://registry.npmjs.org/caseless/-/caseless-0.12.0.tgz",
      "integrity": "sha1-G2gcIf+EAzyCZUMJBolCDRhxUdw="
    },
    "co": {
      "version": "4.6.0",
      "resolved": "https://registry.npmjs.org/co/-/co-4.6.0.tgz",
      "integrity": "sha1-bqa989hTrlTMuOR7+gvz+QMfsYQ="
    },
    "combined-stream": {
      "version": "1.0.6",
      "resolved": "https://registry.npmjs.org/combined-stream/-/combined-stream-1.0.6.tgz",
      "integrity": "sha1-cj599ugBrFYTETp+RFqbactjKBg=",
      "requires": {
        "delayed-stream": "~1.0.0"
      }
    },
    "commander": {
      "version": "1.3.2",
      "resolved": "http://registry.npmjs.org/commander/-/commander-1.3.2.tgz",
      "integrity": "sha1-io8w7GcKb91kr1LxkUuQfXnq1bU=",
      "requires": {
        "keypress": "0.1.x"
      }
    },
    "compressible": {
      "version": "1.0.0",
      "resolved": "http://registry.npmjs.org/compressible/-/compressible-1.0.0.tgz",
      "integrity": "sha1-+D5JwcthQhdTVFElqAEdaLSSQn0="
    },
    "compression": {
      "version": "1.0.0",
      "resolved": "https://registry.npmjs.org/compression/-/compression-1.0.0.tgz",
      "integrity": "sha1-iuuF1I21FF04vIsYG2NS2OqyYCA=",
      "requires": {
        "bytes": "0.2.1",
        "compressible": "1.0.0",
        "negotiator": "0.3.0"
      },
      "dependencies": {
        "bytes": {
          "version": "0.2.1",
          "resolved": "https://registry.npmjs.org/bytes/-/bytes-0.2.1.tgz",
          "integrity": "sha1-VVsIq8sGP4l1kFMCUj5M1P/f3zE="
        }
      }
    },
    "connect": {
      "version": "2.14.5",
      "resolved": "https://registry.npmjs.org/connect/-/connect-2.14.5.tgz",
      "integrity": "sha1-cyF1ExUsFS6+BJxJn6CSEbjEdvQ=",
      "requires": {
        "basic-auth-connect": "1.0.0",
        "bytes": "0.3.0",
        "compression": "1.0.0",
        "connect-timeout": "1.0.0",
        "cookie-parser": "1.0.1",
        "cookie-signature": "1.0.3",
        "csurf": "1.1.0",
        "debug": ">= 0.7.3 < 1",
        "errorhandler": "1.0.0",
        "express-session": "1.0.2",
        "fresh": "0.2.2",
        "method-override": "1.0.0",
        "morgan": "1.0.0",
        "multiparty": "2.2.0",
        "pause": "0.0.1",
        "qs": "0.6.6",
        "raw-body": "1.1.4",
        "response-time": "1.0.0",
        "serve-index": "1.0.1",
        "serve-static": "1.1.0",
        "setimmediate": "1.0.1",
        "static-favicon": "1.0.2",
        "vhost": "1.0.0"
      },
      "dependencies": {
        "debug": {
          "version": "0.8.1",
          "resolved": "http://registry.npmjs.org/debug/-/debug-0.8.1.tgz",
          "integrity": "sha1-IP9NJvXkIstoobrLu2EDmtjBwTA="
        },
        "qs": {
          "version": "0.6.6",
          "resolved": "https://registry.npmjs.org/qs/-/qs-0.6.6.tgz",
          "integrity": "sha1-bgFQmP9RlouKPIGQAdXyyJvEsQc="
        }
      }
    },
    "connect-timeout": {
      "version": "1.0.0",
      "resolved": "https://registry.npmjs.org/connect-timeout/-/connect-timeout-1.0.0.tgz",
      "integrity": "sha1-EgVHmfkLuVZviydO/nhC1kZdELs=",
      "requires": {
        "debug": "*"
      }
    },
    "cookie": {
      "version": "0.1.2",
      "resolved": "https://registry.npmjs.org/cookie/-/cookie-0.1.2.tgz",
      "integrity": "sha1-cv7D0k5Io0Mgc9kMEmQgBQYQBLE="
    },
    "cookie-parser": {
      "version": "1.0.1",
      "resolved": "https://registry.npmjs.org/cookie-parser/-/cookie-parser-1.0.1.tgz",
      "integrity": "sha1-F71iLJcXzQhYqRKp/vTANiNgp7A=",
      "requires": {
        "cookie": "0.1.0",
        "cookie-signature": "1.0.3"
      },
      "dependencies": {
        "cookie": {
          "version": "0.1.0",
          "resolved": "https://registry.npmjs.org/cookie/-/cookie-0.1.0.tgz",
          "integrity": "sha1-kOtGndzpBchm3mh+/EMTHYgB+dA="
        }
      }
    },
    "cookie-signature": {
      "version": "1.0.3",
      "resolved": "https://registry.npmjs.org/cookie-signature/-/cookie-signature-1.0.3.tgz",
      "integrity": "sha1-kc2ZfMUftkFZVzjGnNoCAyj1D/k="
    },
    "core-util-is": {
      "version": "1.0.2",
      "resolved": "https://registry.npmjs.org/core-util-is/-/core-util-is-1.0.2.tgz",
      "integrity": "sha1-tf1UIgqivFq1eqtxQMlAdUUDwac="
    },
    "csurf": {
      "version": "1.1.0",
      "resolved": "https://registry.npmjs.org/csurf/-/csurf-1.1.0.tgz",
      "integrity": "sha1-XdRZ30DfQ7nrgoKE1tAxMvQsuLI=",
      "requires": {
        "scmp": "~0.0.3",
        "uid2": "~0.0.2"
      }
    },
    "dashdash": {
      "version": "1.14.1",
      "resolved": "https://registry.npmjs.org/dashdash/-/dashdash-1.14.1.tgz",
      "integrity": "sha1-hTz6D3y+L+1d4gMmuN1YEDX24vA=",
      "requires": {
        "assert-plus": "^1.0.0"
      }
    },
    "debug": {
      "version": "3.1.0",
      "resolved": "https://registry.npmjs.org/debug/-/debug-3.1.0.tgz",
      "integrity": "sha512-OX8XqP7/1a9cqkxYw2yXss15f26NKWBpDXQd0/uK/KPqdQhxbPa994hnzjcE2VqQpDslf55723cKPUOGSmMY3g==",
      "requires": {
        "ms": "2.0.0"
      }
    },
    "delayed-stream": {
      "version": "1.0.0",
      "resolved": "https://registry.npmjs.org/delayed-stream/-/delayed-stream-1.0.0.tgz",
      "integrity": "sha1-3zrhmayt+31ECqrgsp4icrJOxhk="
    },
    "ecc-jsbn": {
      "version": "0.1.2",
      "resolved": "https://registry.npmjs.org/ecc-jsbn/-/ecc-jsbn-0.1.2.tgz",
      "integrity": "sha1-OoOpBOVDUyh4dMVkt1SThoSamMk=",
      "optional": true,
      "requires": {
        "jsbn": "~0.1.0",
        "safer-buffer": "^2.1.0"
      }
    },
    "ecdsa-sig-formatter": {
      "version": "1.0.10",
      "resolved": "https://registry.npmjs.org/ecdsa-sig-formatter/-/ecdsa-sig-formatter-1.0.10.tgz",
      "integrity": "sha1-HFlQAPBKiJffuFAAiSoPTDOvhsM=",
      "requires": {
        "safe-buffer": "^5.0.1"
      }
    },
    "errorhandler": {
      "version": "1.0.0",
      "resolved": "https://registry.npmjs.org/errorhandler/-/errorhandler-1.0.0.tgz",
      "integrity": "sha1-10s36Nw4yZr7P1p57c666gItBCo="
    },
    "express": {
      "version": "3.5.3",
      "resolved": "http://registry.npmjs.org/express/-/express-3.5.3.tgz",
      "integrity": "sha1-r0QOHdrQeJNOx4JBQgtAu8Vtwq0=",
      "requires": {
        "buffer-crc32": "0.2.1",
        "commander": "1.3.2",
        "connect": "2.14.5",
        "cookie": "0.1.2",
        "cookie-signature": "1.0.3",
        "debug": ">= 0.7.3 < 1",
        "fresh": "0.2.2",
        "merge-descriptors": "0.0.2",
        "methods": "0.1.0",
        "mkdirp": "0.4.0",
        "range-parser": "1.0.0",
        "send": "0.3.0"
      },
      "dependencies": {
        "debug": {
          "version": "0.8.1",
          "resolved": "http://registry.npmjs.org/debug/-/debug-0.8.1.tgz",
          "integrity": "sha1-IP9NJvXkIstoobrLu2EDmtjBwTA="
        }
      }
    },
    "express-session": {
      "version": "1.0.2",
      "resolved": "https://registry.npmjs.org/express-session/-/express-session-1.0.2.tgz",
      "integrity": "sha1-AER4x0JWF3RBHOt5czFVpWttSes=",
      "requires": {
        "buffer-crc32": "0.2.1",
        "cookie": "0.1.0",
        "cookie-signature": "1.0.3",
        "debug": "0.7.4",
        "uid2": "0.0.3",
        "utils-merge": "1.0.0"
      },
      "dependencies": {
        "cookie": {
          "version": "0.1.0",
          "resolved": "https://registry.npmjs.org/cookie/-/cookie-0.1.0.tgz",
          "integrity": "sha1-kOtGndzpBchm3mh+/EMTHYgB+dA="
        },
        "debug": {
          "version": "0.7.4",
          "resolved": "http://registry.npmjs.org/debug/-/debug-0.7.4.tgz",
          "integrity": "sha1-BuHqgILCyxTjmAbiLi9vdX+Srzk="
        }
      }
    },
    "extend": {
      "version": "3.0.2",
      "resolved": "https://registry.npmjs.org/extend/-/extend-3.0.2.tgz",
      "integrity": "sha512-fjquC59cD7CyW6urNXK0FBufkZcoiGG80wTuPujX590cB5Ttln20E2UB4S/WARVqhXffZl2LNgS+gQdPIIim/g=="
    },
    "extsprintf": {
      "version": "1.3.0",
      "resolved": "https://registry.npmjs.org/extsprintf/-/extsprintf-1.3.0.tgz",
      "integrity": "sha1-lpGEQOMEGnpBT4xS48V06zw+HgU="
    },
    "fakegato-history": {
      "version": "0.5.2",
      "resolved": "https://registry.npmjs.org/fakegato-history/-/fakegato-history-0.5.2.tgz",
      "integrity": "sha512-9MZnienrppdsqHEZq31WG+cW6XzyOyA6UOZFFuQ0Mz3VB0F4mNX5jXAKVBRbbz94V4bFibMd3uNFZo/H5EHf3A==",
      "requires": {
        "debug": "^2.2.0",
        "google-auth-library": "^0.10.0",
        "googleapis": "^18.0.0",
        "moment": "*"
      },
      "dependencies": {
        "debug": {
          "version": "2.6.9",
          "resolved": "https://registry.npmjs.org/debug/-/debug-2.6.9.tgz",
          "integrity": "sha512-bC7ElrdJaJnPbAP+1EotYvqZsb3ecl5wi6Bfi6BJTUcNowp6cvspg0jXznRTKDjm/E7AdgFBVeAPVMNcKGsHMA==",
          "requires": {
            "ms": "2.0.0"
          }
        }
      }
    },
    "fast-deep-equal": {
      "version": "1.1.0",
      "resolved": "https://registry.npmjs.org/fast-deep-equal/-/fast-deep-equal-1.1.0.tgz",
      "integrity": "sha1-wFNHeBfIa1HaqFPIHgWbcz0CNhQ="
    },
    "fast-json-stable-stringify": {
      "version": "2.0.0",
      "resolved": "https://registry.npmjs.org/fast-json-stable-stringify/-/fast-json-stable-stringify-2.0.0.tgz",
      "integrity": "sha1-1RQsDK7msRifh9OnYREGT4bIu/I="
    },
    "forever-agent": {
      "version": "0.6.1",
      "resolved": "https://registry.npmjs.org/forever-agent/-/forever-agent-0.6.1.tgz",
      "integrity": "sha1-+8cfDEGt6zf5bFd60e1C2P2sypE="
    },
    "form-data": {
      "version": "2.3.2",
      "resolved": "https://registry.npmjs.org/form-data/-/form-data-2.3.2.tgz",
      "integrity": "sha1-SXBJi+YEwgwAXU9cI67NIda0kJk=",
      "requires": {
        "asynckit": "^0.4.0",
        "combined-stream": "1.0.6",
        "mime-types": "^2.1.12"
      }
    },
    "fresh": {
      "version": "0.2.2",
      "resolved": "https://registry.npmjs.org/fresh/-/fresh-0.2.2.tgz",
      "integrity": "sha1-lzHc9WeMf660T7kDxPct9VGH+nc="
    },
    "getpass": {
      "version": "0.1.7",
      "resolved": "https://registry.npmjs.org/getpass/-/getpass-0.1.7.tgz",
      "integrity": "sha1-Xv+OPmhNVprkyysSgmBOi6YhSfo=",
      "requires": {
        "assert-plus": "^1.0.0"
      }
    },
    "google-auth-library": {
      "version": "0.10.0",
      "resolved": "http://registry.npmjs.org/google-auth-library/-/google-auth-library-0.10.0.tgz",
      "integrity": "sha1-bhW6vuhf0d0U2NEoopW2g41SE24=",
      "requires": {
        "gtoken": "^1.2.1",
        "jws": "^3.1.4",
        "lodash.noop": "^3.0.1",
        "request": "^2.74.0"
      }
    },
    "google-p12-pem": {
      "version": "0.1.2",
      "resolved": "https://registry.npmjs.org/google-p12-pem/-/google-p12-pem-0.1.2.tgz",
      "integrity": "sha1-M8RqsCGqc0+gMys5YKmj/8svMXc=",
      "requires": {
        "node-forge": "^0.7.1"
      }
    },
    "googleapis": {
      "version": "18.0.0",
      "resolved": "https://registry.npmjs.org/googleapis/-/googleapis-18.0.0.tgz",
      "integrity": "sha1-dsfIt+P622HqxEOJqb6u6SQN3wE=",
      "requires": {
        "async": "~2.1.4",
        "google-auth-library": "~0.10.0",
        "string-template": "~1.0.0"
      }
    },
    "gtoken": {
      "version": "1.2.3",
      "resolved": "https://registry.npmjs.org/gtoken/-/gtoken-1.2.3.tgz",
      "integrity": "sha512-wQAJflfoqSgMWrSBk9Fg86q+sd6s7y6uJhIvvIPz++RElGlMtEqsdAR2oWwZ/WTEtp7P9xFbJRrT976oRgzJ/w==",
      "requires": {
        "google-p12-pem": "^0.1.0",
        "jws": "^3.0.0",
        "mime": "^1.4.1",
        "request": "^2.72.0"
      }
    },
    "har-schema": {
      "version": "2.0.0",
      "resolved": "https://registry.npmjs.org/har-schema/-/har-schema-2.0.0.tgz",
      "integrity": "sha1-qUwiJOvKwEeCoNkDVSHyRzW37JI="
    },
    "har-validator": {
      "version": "5.1.0",
      "resolved": "https://registry.npmjs.org/har-validator/-/har-validator-5.1.0.tgz",
      "integrity": "sha512-+qnmNjI4OfH2ipQ9VQOw23bBd/ibtfbVdK2fYbY4acTDqKTW/YDp9McimZdDbG8iV9fZizUqQMD5xvriB146TA==",
      "requires": {
        "ajv": "^5.3.0",
        "har-schema": "^2.0.0"
      }
    },
    "he": {
      "version": "1.1.1",
      "resolved": "https://registry.npmjs.org/he/-/he-1.1.1.tgz",
      "integrity": "sha1-k0EP0hsAlzUVH4howvJx80J+I/0="
    },
    "header-stack": {
      "version": "0.1.3",
      "resolved": "https://registry.npmjs.org/header-stack/-/header-stack-0.1.3.tgz",
      "integrity": "sha1-rHz0Y+vi38F607ZgV3XOBUQVkJA=",
      "requires": {
        "bufferjs": ">= 0.2.3",
        "bufferlist": ">= 0.0.6",
        "stream-stack": ">= 1.1.1"
      }
    },
    "homebridge-lib": {
      "version": "1.0.8",
      "resolved": "https://registry.npmjs.org/homebridge-lib/-/homebridge-lib-1.0.8.tgz",
      "integrity": "sha512-ZdwC8Z2ewPTkhQUefMmxTv+axupOEGOnvs/S5Cl4t/N0mubOuXHvRaOsx8t3Iq+YNy/5qS/avt42NRaPmBn59A==",
      "requires": {
        "debug": "^4.0.1",
        "fakegato-history": "^0.5.2",
        "request": "^2.88.0",
        "semver": "^5.5.1"
      },
      "dependencies": {
        "debug": {
          "version": "4.0.1",
          "resolved": "https://registry.npmjs.org/debug/-/debug-4.0.1.tgz",
          "integrity": "sha512-K23FHJ/Mt404FSlp6gSZCevIbTMLX0j3fmHhUEhQ3Wq0FMODW3+cUSoLdy1Gx4polAf4t/lphhmHH35BB8cLYw==",
          "requires": {
            "ms": "^2.1.1"
          }
        },
        "ms": {
          "version": "2.1.1",
          "resolved": "https://registry.npmjs.org/ms/-/ms-2.1.1.tgz",
          "integrity": "sha512-tgp+dl5cGk28utYktBsrFqA7HKgrhgPsg6Z/EfhWI4gl1Hwq8B/GmY/0oXZ6nF8hDVesS/FpnYaD/kOWhYQvyg=="
        }
      }
    },
    "http-signature": {
      "version": "1.2.0",
      "resolved": "https://registry.npmjs.org/http-signature/-/http-signature-1.2.0.tgz",
      "integrity": "sha1-muzZJRFHcvPZW2WmCruPfBj7rOE=",
      "requires": {
        "assert-plus": "^1.0.0",
        "jsprim": "^1.2.2",
        "sshpk": "^1.7.0"
      }
    },
    "http-stack": {
      "version": "0.1.3",
      "resolved": "https://registry.npmjs.org/http-stack/-/http-stack-0.1.3.tgz",
      "integrity": "sha1-G2NfSLeh18KkfQfv1+iotHtyJ4M=",
      "requires": {
        "header-stack": ">= 0.1.1",
        "stream-stack": ">= 1.1.1"
      }
    },
    "icecast-stack": {
      "version": "0.3.0",
      "resolved": "https://registry.npmjs.org/icecast-stack/-/icecast-stack-0.3.0.tgz",
      "integrity": "sha1-GI92qcVQ7079e4R1hn6rkIXKPAk=",
      "requires": {
        "http-stack": ">= 0.1.1",
        "stream-stack": ">= 1.1.0"
      }
    },
    "inherits": {
      "version": "2.0.3",
      "resolved": "https://registry.npmjs.org/inherits/-/inherits-2.0.3.tgz",
      "integrity": "sha1-Yzwsg+PaQqUC9SRmAiSA9CCCYd4="
    },
    "ip": {
      "version": "1.1.5",
      "resolved": "https://registry.npmjs.org/ip/-/ip-1.1.5.tgz",
      "integrity": "sha1-vd7XARQpCCjAoDnnLvJfWq7ENUo="
    },
    "is-typedarray": {
      "version": "1.0.0",
      "resolved": "https://registry.npmjs.org/is-typedarray/-/is-typedarray-1.0.0.tgz",
      "integrity": "sha1-5HnICFjfDBsR3dppQPlgEfzaSpo="
    },
    "isarray": {
      "version": "0.0.1",
      "resolved": "https://registry.npmjs.org/isarray/-/isarray-0.0.1.tgz",
      "integrity": "sha1-ihis/Kmo9Bd+Cav8YDiTmwXR7t8="
    },
    "isstream": {
      "version": "0.1.2",
      "resolved": "https://registry.npmjs.org/isstream/-/isstream-0.1.2.tgz",
      "integrity": "sha1-R+Y/evVa+m+S4VAOaQ64uFKcCZo="
    },
    "jsbn": {
      "version": "0.1.1",
      "resolved": "https://registry.npmjs.org/jsbn/-/jsbn-0.1.1.tgz",
      "integrity": "sha1-peZUwuWi3rXyAdls77yoDA7y9RM=",
      "optional": true
    },
    "json-schema": {
      "version": "0.2.3",
      "resolved": "https://registry.npmjs.org/json-schema/-/json-schema-0.2.3.tgz",
      "integrity": "sha1-tIDIkuWaLwWVTOcnvT8qTogvnhM="
    },
    "json-schema-traverse": {
      "version": "0.3.1",
      "resolved": "https://registry.npmjs.org/json-schema-traverse/-/json-schema-traverse-0.3.1.tgz",
      "integrity": "sha1-NJptRMU6Ud6JtAgFxdXlm0F9M0A="
    },
    "json-stringify-safe": {
      "version": "5.0.1",
      "resolved": "https://registry.npmjs.org/json-stringify-safe/-/json-stringify-safe-5.0.1.tgz",
      "integrity": "sha1-Epai1Y/UXxmg9s4B1lcB4sc1tus="
    },
    "jsprim": {
      "version": "1.4.1",
      "resolved": "https://registry.npmjs.org/jsprim/-/jsprim-1.4.1.tgz",
      "integrity": "sha1-MT5mvB5cwG5Di8G3SZwuXFastqI=",
      "requires": {
        "assert-plus": "1.0.0",
        "extsprintf": "1.3.0",
        "json-schema": "0.2.3",
        "verror": "1.10.0"
      }
    },
    "jwa": {
      "version": "1.1.6",
      "resolved": "https://registry.npmjs.org/jwa/-/jwa-1.1.6.tgz",
      "integrity": "sha512-tBO/cf++BUsJkYql/kBbJroKOgHWEigTKBAjjBEmrMGYd1QMBC74Hr4Wo2zCZw6ZrVhlJPvoMrkcOnlWR/DJfw==",
      "requires": {
        "buffer-equal-constant-time": "1.0.1",
        "ecdsa-sig-formatter": "1.0.10",
        "safe-buffer": "^5.0.1"
      }
    },
    "jws": {
      "version": "3.1.5",
      "resolved": "https://registry.npmjs.org/jws/-/jws-3.1.5.tgz",
      "integrity": "sha512-GsCSexFADNQUr8T5HPJvayTjvPIfoyJPtLQBwn5a4WZQchcrPMPMAWcC1AzJVRDKyD6ZPROPAxgv6rfHViO4uQ==",
      "requires": {
        "jwa": "^1.1.5",
        "safe-buffer": "^5.0.1"
      }
    },
    "keypress": {
      "version": "0.1.0",
      "resolved": "https://registry.npmjs.org/keypress/-/keypress-0.1.0.tgz",
      "integrity": "sha1-SjGI1CkbZrT2XtuZ+AaqmuKTWSo="
    },
    "lame": {
      "version": "1.2.4",
      "resolved": "https://registry.npmjs.org/lame/-/lame-1.2.4.tgz",
      "integrity": "sha1-VGgBUU4t6MoMie7yIogMjcZxJIU=",
      "requires": {
        "bindings": "^1.2.1",
        "debug": "^2.2.0",
        "nan": "^2.3.5",
        "readable-stream": "^1.0.34"
      },
      "dependencies": {
        "debug": {
          "version": "2.6.9",
          "resolved": "https://registry.npmjs.org/debug/-/debug-2.6.9.tgz",
          "integrity": "sha512-bC7ElrdJaJnPbAP+1EotYvqZsb3ecl5wi6Bfi6BJTUcNowp6cvspg0jXznRTKDjm/E7AdgFBVeAPVMNcKGsHMA==",
          "requires": {
            "ms": "2.0.0"
          }
        }
      }
    },
    "lodash": {
      "version": "4.17.11",
      "resolved": "https://registry.npmjs.org/lodash/-/lodash-4.17.11.tgz",
      "integrity": "sha512-cQKh8igo5QUhZ7lg38DYWAxMvjSAKG0A8wGSVimP07SIUEK2UO+arSRKbRZWtelMtN5V0Hkwh5ryOto/SshYIg=="
    },
    "lodash.noop": {
      "version": "3.0.1",
      "resolved": "https://registry.npmjs.org/lodash.noop/-/lodash.noop-3.0.1.tgz",
      "integrity": "sha1-OBiPTWUKOkdCWEObluxFsyYXEzw="
    },
    "merge-descriptors": {
      "version": "0.0.2",
      "resolved": "https://registry.npmjs.org/merge-descriptors/-/merge-descriptors-0.0.2.tgz",
      "integrity": "sha1-w2pSp4FDdRPFcnXzndnTF1FKyMc="
    },
    "method-override": {
      "version": "1.0.0",
      "resolved": "https://registry.npmjs.org/method-override/-/method-override-1.0.0.tgz",
      "integrity": "sha1-nlv72A87ngQ4Ad0/5gu6sPFbX2E=",
      "requires": {
        "methods": "*"
      }
    },
    "methods": {
      "version": "0.1.0",
      "resolved": "https://registry.npmjs.org/methods/-/methods-0.1.0.tgz",
      "integrity": "sha1-M11Cnu/SG3us8unJIqjSvRSjDk8="
    },
    "mime": {
      "version": "1.6.0",
      "resolved": "https://registry.npmjs.org/mime/-/mime-1.6.0.tgz",
      "integrity": "sha512-x0Vn8spI+wuJ1O6S7gnbaQg8Pxh4NNHb7KSINmEWKiPE4RKOplvijn+NkmYmmRgP68mc70j2EbeTFRsrswaQeg=="
    },
    "mime-db": {
      "version": "1.35.0",
      "resolved": "https://registry.npmjs.org/mime-db/-/mime-db-1.35.0.tgz",
      "integrity": "sha512-JWT/IcCTsB0Io3AhWUMjRqucrHSPsSf2xKLaRldJVULioggvkJvggZ3VXNNSRkCddE6D+BUI4HEIZIA2OjwIvg=="
    },
    "mime-types": {
      "version": "2.1.19",
      "resolved": "https://registry.npmjs.org/mime-types/-/mime-types-2.1.19.tgz",
      "integrity": "sha512-P1tKYHVSZ6uFo26mtnve4HQFE3koh1UWVkp8YUC+ESBHe945xWSoXuHHiGarDqcEZ+whpCDnlNw5LON0kLo+sw==",
      "requires": {
        "mime-db": "~1.35.0"
      }
    },
    "mkdirp": {
      "version": "0.4.0",
      "resolved": "http://registry.npmjs.org/mkdirp/-/mkdirp-0.4.0.tgz",
      "integrity": "sha1-KRrCotQ6GcR4ZiV3tb6Eb+g7WSM="
    },
    "moment": {
      "version": "2.22.2",
      "resolved": "https://registry.npmjs.org/moment/-/moment-2.22.2.tgz",
      "integrity": "sha1-PCV/mDn8DpP/UxSWMiOeuQeD/2Y="
    },
    "morgan": {
      "version": "1.0.0",
      "resolved": "http://registry.npmjs.org/morgan/-/morgan-1.0.0.tgz",
      "integrity": "sha1-g890ufLYQZAfGpprj6ekaNLkeo0=",
      "requires": {
        "bytes": "~0.2.0"
      },
      "dependencies": {
        "bytes": {
          "version": "0.2.1",
          "resolved": "https://registry.npmjs.org/bytes/-/bytes-0.2.1.tgz",
          "integrity": "sha1-VVsIq8sGP4l1kFMCUj5M1P/f3zE="
        }
      }
    },
    "ms": {
      "version": "2.0.0",
      "resolved": "https://registry.npmjs.org/ms/-/ms-2.0.0.tgz",
      "integrity": "sha1-VgiurfwAvmwpAd9fmGF4jeDVl8g="
    },
    "multiparty": {
      "version": "2.2.0",
      "resolved": "https://registry.npmjs.org/multiparty/-/multiparty-2.2.0.tgz",
      "integrity": "sha1-pWfCrwAK0i3I8qZT2Rl4rh9TFvQ=",
      "requires": {
        "readable-stream": "~1.1.9",
        "stream-counter": "~0.2.0"
      }
    },
    "nan": {
      "version": "2.11.0",
      "resolved": "https://registry.npmjs.org/nan/-/nan-2.11.0.tgz",
      "integrity": "sha512-F4miItu2rGnV2ySkXOQoA8FKz/SR2Q2sWP0sbTxNxz/tuokeC8WxOhPMcwi0qIyGtVn/rrSeLbvVkznqCdwYnw=="
    },
    "negotiator": {
      "version": "0.3.0",
      "resolved": "https://registry.npmjs.org/negotiator/-/negotiator-0.3.0.tgz",
      "integrity": "sha1-cG1pLv7d9XTVfqn7GriaT6fuj2A="
    },
    "nicercast": {
      "version": "0.1.0",
      "resolved": "https://registry.npmjs.org/nicercast/-/nicercast-0.1.0.tgz",
      "integrity": "sha1-DGHzQW/JpPbl4a/v1HuyzMpFgmI=",
      "requires": {
        "express": "~3.5.0",
        "icecast-stack": "~0.3.0",
        "ip": "~0.3.0",
        "lame": "^1.1.2"
      },
      "dependencies": {
        "ip": {
          "version": "0.3.3",
          "resolved": "https://registry.npmjs.org/ip/-/ip-0.3.3.tgz",
          "integrity": "sha1-jugwnpLwsEDSh/cu+soaIXAtP7Q="
        }
      }
    },
    "node-forge": {
      "version": "0.7.6",
      "resolved": "https://registry.npmjs.org/node-forge/-/node-forge-0.7.6.tgz",
      "integrity": "sha512-sol30LUpz1jQFBjOKwbjxijiE3b6pjd74YwfD0fJOKPjF+fONKb2Yg8rYgS6+bK6VDl+/wfr4IYpC7jDzLUIfw=="
    },
    "oauth-sign": {
      "version": "0.9.0",
      "resolved": "https://registry.npmjs.org/oauth-sign/-/oauth-sign-0.9.0.tgz",
      "integrity": "sha512-fexhUFFPTGV8ybAtSIGbV6gOkSv8UtRbDBnAyLQw4QPKkgNlsH2ByPGtMUqdWkos6YCRmAqViwgZrJc/mRDzZQ=="
    },
    "parseurl": {
      "version": "1.0.1",
      "resolved": "https://registry.npmjs.org/parseurl/-/parseurl-1.0.1.tgz",
      "integrity": "sha1-Llfc5u/dN8NRhwEDCUTCK/OIt7Q="
    },
    "pause": {
      "version": "0.0.1",
      "resolved": "https://registry.npmjs.org/pause/-/pause-0.0.1.tgz",
      "integrity": "sha1-HUCLP9t2kjuVQ9lvtMnf1TXZy10="
    },
    "performance-now": {
      "version": "2.1.0",
      "resolved": "https://registry.npmjs.org/performance-now/-/performance-now-2.1.0.tgz",
      "integrity": "sha1-Ywn04OX6kT7BxpMHrjZLSzd8nns="
    },
    "psl": {
      "version": "1.1.29",
      "resolved": "https://registry.npmjs.org/psl/-/psl-1.1.29.tgz",
      "integrity": "sha512-AeUmQ0oLN02flVHXWh9sSJF7mcdFq0ppid/JkErufc3hGIV/AMa8Fo9VgDo/cT2jFdOWoFvHp90qqBH54W+gjQ=="
    },
    "punycode": {
      "version": "1.4.1",
      "resolved": "https://registry.npmjs.org/punycode/-/punycode-1.4.1.tgz",
      "integrity": "sha1-wNWmOycYgArY4esPpSachN1BhF4="
    },
    "qs": {
      "version": "6.5.2",
      "resolved": "https://registry.npmjs.org/qs/-/qs-6.5.2.tgz",
      "integrity": "sha512-N5ZAX4/LxJmF+7wN74pUD6qAh9/wnvdQcjq9TZjevvXzSUo7bfmw91saqMjzGS2xq91/odN2dW/WOl7qQHNDGA=="
    },
    "range-parser": {
      "version": "1.0.0",
      "resolved": "https://registry.npmjs.org/range-parser/-/range-parser-1.0.0.tgz",
      "integrity": "sha1-pLJkz+C+XONqvjdlrJwqJIdG28A="
    },
    "raw-body": {
      "version": "1.1.4",
      "resolved": "https://registry.npmjs.org/raw-body/-/raw-body-1.1.4.tgz",
      "integrity": "sha1-8LViQ4jQMfY9oH+HDIbLnMrctn0=",
      "requires": {
        "bytes": "~0.3.0"
      }
    },
    "readable-stream": {
      "version": "1.1.14",
      "resolved": "http://registry.npmjs.org/readable-stream/-/readable-stream-1.1.14.tgz",
      "integrity": "sha1-fPTFTvZI44EwhMY23SB54WbAgdk=",
      "requires": {
        "core-util-is": "~1.0.0",
        "inherits": "~2.0.1",
        "isarray": "0.0.1",
        "string_decoder": "~0.10.x"
      }
    },
    "request": {
      "version": "2.88.0",
      "resolved": "https://registry.npmjs.org/request/-/request-2.88.0.tgz",
      "integrity": "sha512-NAqBSrijGLZdM0WZNsInLJpkJokL72XYjUpnB0iwsRgxh7dB6COrHnTBNwN0E+lHDAJzu7kLAkDeY08z2/A0hg==",
      "requires": {
        "aws-sign2": "~0.7.0",
        "aws4": "^1.8.0",
        "caseless": "~0.12.0",
        "combined-stream": "~1.0.6",
        "extend": "~3.0.2",
        "forever-agent": "~0.6.1",
        "form-data": "~2.3.2",
        "har-validator": "~5.1.0",
        "http-signature": "~1.2.0",
        "is-typedarray": "~1.0.0",
        "isstream": "~0.1.2",
        "json-stringify-safe": "~5.0.1",
        "mime-types": "~2.1.19",
        "oauth-sign": "~0.9.0",
        "performance-now": "^2.1.0",
        "qs": "~6.5.2",
        "safe-buffer": "^5.1.2",
        "tough-cookie": "~2.4.3",
        "tunnel-agent": "^0.6.0",
        "uuid": "^3.3.2"
      },
      "dependencies": {
        "safe-buffer": {
          "version": "5.1.2",
          "resolved": "https://registry.npmjs.org/safe-buffer/-/safe-buffer-5.1.2.tgz",
          "integrity": "sha512-Gd2UZBJDkXlY7GbJxfsE8/nvKkUEU1G38c1siN6QP6a9PT9MmHB8GnpscSmMJSoF8LOIrt8ud/wPtojys4G6+g=="
        }
      }
    },
    "response-time": {
      "version": "1.0.0",
      "resolved": "https://registry.npmjs.org/response-time/-/response-time-1.0.0.tgz",
      "integrity": "sha1-wryNCPPDWfl+rh1tqG7q0XX6vck="
    },
    "safe-buffer": {
      "version": "5.1.1",
      "resolved": "https://registry.npmjs.org/safe-buffer/-/safe-buffer-5.1.1.tgz",
      "integrity": "sha512-kKvNJn6Mm93gAczWVJg7wH+wGYWNrDHdWvpUmHyEsgCtIwwo3bqPtV4tR5tuPaUhTOo/kvhVwd8XwwOllGYkbg=="
    },
    "safer-buffer": {
      "version": "2.1.2",
      "resolved": "https://registry.npmjs.org/safer-buffer/-/safer-buffer-2.1.2.tgz",
      "integrity": "sha512-YZo3K82SD7Riyi0E1EQPojLz7kpepnSQI9IyPbHHg1XXXevb5dJI7tpyN2ADxGcQbHG7vcyRHk0cbwqcQriUtg=="
    },
    "sax": {
      "version": "1.2.4",
      "resolved": "https://registry.npmjs.org/sax/-/sax-1.2.4.tgz",
      "integrity": "sha512-NqVDv9TpANUjFm0N8uM5GxL36UgKi9/atZw+x7YFnQ8ckwFGKrl4xX4yWtrey3UJm5nP1kUbnYgLopqWNSRhWw=="
    },
    "scmp": {
      "version": "0.0.3",
      "resolved": "https://registry.npmjs.org/scmp/-/scmp-0.0.3.tgz",
      "integrity": "sha1-NkjfLXKUZB5/eGc//CloHZutkHM="
    },
    "semver": {
      "version": "5.5.1",
      "resolved": "https://registry.npmjs.org/semver/-/semver-5.5.1.tgz",
      "integrity": "sha512-PqpAxfrEhlSUWge8dwIp4tZnQ25DIOthpiaHNIthsjEFQD6EvqUKUDM7L8O2rShkFccYo1VjJR0coWfNkCubRw=="
    },
    "send": {
      "version": "0.3.0",
      "resolved": "https://registry.npmjs.org/send/-/send-0.3.0.tgz",
      "integrity": "sha1-lxgyRjSAb8dbxPj15R9X2dZmBuc=",
      "requires": {
        "buffer-crc32": "0.2.1",
        "debug": "0.8.0",
        "fresh": "~0.2.1",
        "mime": "1.2.11",
        "range-parser": "~1.0.0"
      },
      "dependencies": {
        "debug": {
          "version": "0.8.0",
          "resolved": "http://registry.npmjs.org/debug/-/debug-0.8.0.tgz",
          "integrity": "sha1-BUHqkfDlA/3wxe7UGKMlUCNJZ/A="
        },
        "mime": {
          "version": "1.2.11",
          "resolved": "https://registry.npmjs.org/mime/-/mime-1.2.11.tgz",
          "integrity": "sha1-WCA+7Ybjpe8XrtK32evUfwpg3RA="
        }
      }
    },
    "serve-index": {
      "version": "1.0.1",
      "resolved": "https://registry.npmjs.org/serve-index/-/serve-index-1.0.1.tgz",
      "integrity": "sha1-J4Lujt5szKrlSVeWLEcV6M4ZIaY=",
      "requires": {
        "batch": "0.5.0",
        "negotiator": "0.4.2"
      },
      "dependencies": {
        "negotiator": {
          "version": "0.4.2",
          "resolved": "https://registry.npmjs.org/negotiator/-/negotiator-0.4.2.tgz",
          "integrity": "sha1-jEPqfkxA3f5Aw8AjTE73dQC4/Tc="
        }
      }
    },
    "serve-static": {
      "version": "1.1.0",
      "resolved": "https://registry.npmjs.org/serve-static/-/serve-static-1.1.0.tgz",
      "integrity": "sha1-RU36Bbs93U5wGokVuDoniqkcVkM=",
      "requires": {
        "parseurl": "1.0.1",
        "send": "0.3.0"
      }
    },
    "setimmediate": {
      "version": "1.0.1",
      "resolved": "https://registry.npmjs.org/setimmediate/-/setimmediate-1.0.1.tgz",
      "integrity": "sha1-qcpWzL1qTDM0hV8GCrzezlxC67c="
    },
    "sonos": {
      "version": "0.22.2",
      "resolved": "https://registry.npmjs.org/sonos/-/sonos-0.22.2.tgz",
      "integrity": "sha512-BUak0KWKpP7Py36OzT/tbBmSW1ValieYrgikmYTC/XAQ9kir1Fx//JlTZbBtlbC1v/3TNxTWY5MD94owPlJecA==",
      "requires": {
        "debug": "^3.1.0",
        "ip": "^1.1.5",
        "request": "^2.83.0",
        "safe-buffer": "^5.0.1",
        "underscore": "1.8.3",
        "upnp-client": "0.0.1",
        "xml2js": "^0.4.19"
      }
    },
    "sshpk": {
      "version": "1.14.2",
      "resolved": "https://registry.npmjs.org/sshpk/-/sshpk-1.14.2.tgz",
      "integrity": "sha1-xvxhZIo9nE52T9P8306hBeSSupg=",
      "requires": {
        "asn1": "~0.2.3",
        "assert-plus": "^1.0.0",
        "bcrypt-pbkdf": "^1.0.0",
        "dashdash": "^1.12.0",
        "ecc-jsbn": "~0.1.1",
        "getpass": "^0.1.1",
        "jsbn": "~0.1.0",
        "safer-buffer": "^2.0.2",
        "tweetnacl": "~0.14.0"
      }
    },
    "static-favicon": {
      "version": "1.0.2",
      "resolved": "https://registry.npmjs.org/static-favicon/-/static-favicon-1.0.2.tgz",
      "integrity": "sha1-fBWSDdor8z9BSw5grrvWXN0qHS8="
    },
    "step": {
      "version": "1.0.0",
      "resolved": "https://registry.npmjs.org/step/-/step-1.0.0.tgz",
      "integrity": "sha1-swDp0q6QV9TXhjOq4jA4E6lL3/I="
    },
    "stream-counter": {
      "version": "0.2.0",
      "resolved": "https://registry.npmjs.org/stream-counter/-/stream-counter-0.2.0.tgz",
      "integrity": "sha1-3tJmVWMZyLDiIoErnPOyb6fZR94=",
      "requires": {
        "readable-stream": "~1.1.8"
      }
    },
    "stream-stack": {
      "version": "1.1.4",
      "resolved": "https://registry.npmjs.org/stream-stack/-/stream-stack-1.1.4.tgz",
      "integrity": "sha1-cIRgQrqwGFAI5Qnt/h93+TYcumk="
    },
    "string-template": {
      "version": "1.0.0",
      "resolved": "https://registry.npmjs.org/string-template/-/string-template-1.0.0.tgz",
      "integrity": "sha1-np8iM9wA8hhxjsN5oopWc+zKi5Y="
    },
    "string_decoder": {
      "version": "0.10.31",
      "resolved": "https://registry.npmjs.org/string_decoder/-/string_decoder-0.10.31.tgz",
      "integrity": "sha1-YuIDvEF2bGwoyfyEMB2rHFMQ+pQ="
    },
    "tough-cookie": {
      "version": "2.4.3",
      "resolved": "https://registry.npmjs.org/tough-cookie/-/tough-cookie-2.4.3.tgz",
      "integrity": "sha512-Q5srk/4vDM54WJsJio3XNn6K2sCG+CQ8G5Wz6bZhRZoAe/+TxjWB/GlFAnYEbkYVlON9FMk/fE3h2RLpPXo4lQ==",
      "requires": {
        "psl": "^1.1.24",
        "punycode": "^1.4.1"
      }
    },
    "tunnel-agent": {
      "version": "0.6.0",
      "resolved": "https://registry.npmjs.org/tunnel-agent/-/tunnel-agent-0.6.0.tgz",
      "integrity": "sha1-J6XeoGs2sEoKmWZ3SykIaPD8QP0=",
      "requires": {
        "safe-buffer": "^5.0.1"
      }
    },
    "tweetnacl": {
      "version": "0.14.5",
      "resolved": "https://registry.npmjs.org/tweetnacl/-/tweetnacl-0.14.5.tgz",
      "integrity": "sha1-WuaBd/GS1EViadEIr6k/+HQ/T2Q=",
      "optional": true
    },
    "uid2": {
      "version": "0.0.3",
      "resolved": "https://registry.npmjs.org/uid2/-/uid2-0.0.3.tgz",
      "integrity": "sha1-SDEm4Rd03y9xuLY53NeZw3YWK4I="
    },
    "underscore": {
      "version": "1.8.3",
      "resolved": "https://registry.npmjs.org/underscore/-/underscore-1.8.3.tgz",
      "integrity": "sha1-Tz+1OxBuYJf8+ctBCfKl6b36UCI="
    },
    "upnp-client": {
      "version": "0.0.1",
      "resolved": "https://registry.npmjs.org/upnp-client/-/upnp-client-0.0.1.tgz",
      "integrity": "sha1-h2H8t2AUTNk9gAO8SXjzfXHlRUw=",
      "requires": {
        "step": ">= 0.0.3"
      }
    },
    "utils-merge": {
      "version": "1.0.0",
      "resolved": "https://registry.npmjs.org/utils-merge/-/utils-merge-1.0.0.tgz",
      "integrity": "sha1-ApT7kiu5N1FTVBxPcJYjHyh8ivg="
    },
    "uuid": {
      "version": "3.3.2",
      "resolved": "https://registry.npmjs.org/uuid/-/uuid-3.3.2.tgz",
      "integrity": "sha512-yXJmeNaw3DnnKAOKJE51sL/ZaYfWJRl1pK9dr19YFCu0ObS231AB1/LbqTKRAQ5kw8A90rA6fr4riOUpTZvQZA=="
    },
    "verror": {
      "version": "1.10.0",
      "resolved": "https://registry.npmjs.org/verror/-/verror-1.10.0.tgz",
      "integrity": "sha1-OhBcoXBTr1XW4nDB+CiGguGNpAA=",
      "requires": {
        "assert-plus": "^1.0.0",
        "core-util-is": "1.0.2",
        "extsprintf": "^1.2.0"
      }
    },
    "vhost": {
      "version": "1.0.0",
      "resolved": "https://registry.npmjs.org/vhost/-/vhost-1.0.0.tgz",
      "integrity": "sha1-ZUUT8omk+Jiqt0W71jPkAYDJxMA="
    },
    "xml2js": {
      "version": "0.4.19",
      "resolved": "https://registry.npmjs.org/xml2js/-/xml2js-0.4.19.tgz",
      "integrity": "sha512-esZnJZJOiJR9wWKMyuvSE1y6Dq5LCuJanqhxslH2bxM6duahNZ+HMpCLhBQGZkbX6xRf8x1Y2eJlgt2q3qo49Q==",
      "requires": {
        "sax": ">=0.6.0",
        "xmlbuilder": "~9.0.1"
      },
      "dependencies": {
        "xmlbuilder": {
          "version": "9.0.4",
          "resolved": "https://registry.npmjs.org/xmlbuilder/-/xmlbuilder-9.0.4.tgz",
          "integrity": "sha1-UZy0ymhtAFqEINNJbz8MruzKWA8="
        }
      }
    }
  }
}
